// !$*UTF8*$!
{
	archiveVersion = 1;
	classes = {
	};
	objectVersion = 48;
	objects = {

/* Begin PBXBuildFile section */
		E717B87620408B8400E9A528 /* AppDelegate.swift in Sources */ = {isa = PBXBuildFile; fileRef = E717B87520408B8400E9A528 /* AppDelegate.swift */; };
		E717B87B20408B8400E9A528 /* Main.storyboard in Resources */ = {isa = PBXBuildFile; fileRef = E717B87920408B8400E9A528 /* Main.storyboard */; };
		E717B87D20408B8400E9A528 /* Assets.xcassets in Resources */ = {isa = PBXBuildFile; fileRef = E717B87C20408B8400E9A528 /* Assets.xcassets */; };
		E717B88020408B8400E9A528 /* LaunchScreen.storyboard in Resources */ = {isa = PBXBuildFile; fileRef = E717B87E20408B8400E9A528 /* LaunchScreen.storyboard */; };
		E717B88820408B9D00E9A528 /* DPImageView+LettersExtension.swift in Sources */ = {isa = PBXBuildFile; fileRef = E717B88720408B9D00E9A528 /* DPImageView+LettersExtension.swift */; };
		E717B88A20408FB300E9A528 /* InitialsVC.swift in Sources */ = {isa = PBXBuildFile; fileRef = E717B88920408FB300E9A528 /* InitialsVC.swift */; };
/* End PBXBuildFile section */

/* Begin PBXFileReference section */
		E717B87220408B8400E9A528 /* DPImageView+Letters.app */ = {isa = PBXFileReference; explicitFileType = wrapper.application; includeInIndex = 0; path = "DPImageView+Letters.app"; sourceTree = BUILT_PRODUCTS_DIR; };
		E717B87520408B8400E9A528 /* AppDelegate.swift */ = {isa = PBXFileReference; lastKnownFileType = sourcecode.swift; path = AppDelegate.swift; sourceTree = "<group>"; };
		E717B87A20408B8400E9A528 /* Base */ = {isa = PBXFileReference; lastKnownFileType = file.storyboard; name = Base; path = Base.lproj/Main.storyboard; sourceTree = "<group>"; };
		E717B87C20408B8400E9A528 /* Assets.xcassets */ = {isa = PBXFileReference; lastKnownFileType = folder.assetcatalog; path = Assets.xcassets; sourceTree = "<group>"; };
		E717B87F20408B8400E9A528 /* Base */ = {isa = PBXFileReference; lastKnownFileType = file.storyboard; name = Base; path = Base.lproj/LaunchScreen.storyboard; sourceTree = "<group>"; };
		E717B88120408B8400E9A528 /* Info.plist */ = {isa = PBXFileReference; lastKnownFileType = text.plist.xml; path = Info.plist; sourceTree = "<group>"; };
		E717B88720408B9D00E9A528 /* DPImageView+LettersExtension.swift */ = {isa = PBXFileReference; lastKnownFileType = sourcecode.swift; path = "DPImageView+LettersExtension.swift"; sourceTree = "<group>"; };
		E717B88920408FB300E9A528 /* InitialsVC.swift */ = {isa = PBXFileReference; lastKnownFileType = sourcecode.swift; path = InitialsVC.swift; sourceTree = "<group>"; };
/* End PBXFileReference section */

/* Begin PBXFrameworksBuildPhase section */
		E717B86F20408B8400E9A528 /* Frameworks */ = {
			isa = PBXFrameworksBuildPhase;
			buildActionMask = 2147483647;
			files = (
			);
			runOnlyForDeploymentPostprocessing = 0;
		};
/* End PBXFrameworksBuildPhase section */

/* Begin PBXGroup section */
		E717B86920408B8400E9A528 = {
			isa = PBXGroup;
			children = (
				E717B87420408B8400E9A528 /* DPImageView+Letters */,
				E717B87320408B8400E9A528 /* Products */,
			);
			sourceTree = "<group>";
		};
		E717B87320408B8400E9A528 /* Products */ = {
			isa = PBXGroup;
			children = (
				E717B87220408B8400E9A528 /* DPImageView+Letters.app */,
			);
			name = Products;
			sourceTree = "<group>";
		};
		E717B87420408B8400E9A528 /* DPImageView+Letters */ = {
			isa = PBXGroup;
			children = (
				E717B87520408B8400E9A528 /* AppDelegate.swift */,
				E717B88720408B9D00E9A528 /* DPImageView+LettersExtension.swift */,
				E717B87920408B8400E9A528 /* Main.storyboard */,
				E717B88920408FB300E9A528 /* InitialsVC.swift */,
				E717B87C20408B8400E9A528 /* Assets.xcassets */,
				E717B87E20408B8400E9A528 /* LaunchScreen.storyboard */,
				E717B88120408B8400E9A528 /* Info.plist */,
			);
			path = "DPImageView+Letters";
			sourceTree = "<group>";
		};
/* End PBXGroup section */

/* Begin PBXNativeTarget section */
		E717B87120408B8400E9A528 /* DPImageView+Letters */ = {
			isa = PBXNativeTarget;
			buildConfigurationList = E717B88420408B8400E9A528 /* Build configuration list for PBXNativeTarget "DPImageView+Letters" */;
			buildPhases = (
				E717B86E20408B8400E9A528 /* Sources */,
				E717B86F20408B8400E9A528 /* Frameworks */,
				E717B87020408B8400E9A528 /* Resources */,
			);
			buildRules = (
			);
			dependencies = (
			);
			name = "DPImageView+Letters";
			productName = "DPImageView+Letters";
			productReference = E717B87220408B8400E9A528 /* DPImageView+Letters.app */;
			productType = "com.apple.product-type.application";
		};
/* End PBXNativeTarget section */

/* Begin PBXProject section */
		E717B86A20408B8400E9A528 /* Project object */ = {
			isa = PBXProject;
			attributes = {
				LastSwiftUpdateCheck = 0920;
				LastUpgradeCheck = 0920;
				ORGANIZATIONNAME = Noticeboard;
				TargetAttributes = {
					E717B87120408B8400E9A528 = {
						CreatedOnToolsVersion = 9.2;
						ProvisioningStyle = Automatic;
					};
				};
			};
			buildConfigurationList = E717B86D20408B8400E9A528 /* Build configuration list for PBXProject "DPImageView+Letters" */;
			compatibilityVersion = "Xcode 8.0";
			developmentRegion = en;
			hasScannedForEncodings = 0;
			knownRegions = (
				en,
				Base,
			);
			mainGroup = E717B86920408B8400E9A528;
			productRefGroup = E717B87320408B8400E9A528 /* Products */;
			projectDirPath = "";
			projectRoot = "";
			targets = (
				E717B87120408B8400E9A528 /* DPImageView+Letters */,
			);
		};
/* End PBXProject section */

/* Begin PBXResourcesBuildPhase section */
		E717B87020408B8400E9A528 /* Resources */ = {
			isa = PBXResourcesBuildPhase;
			buildActionMask = 2147483647;
			files = (
				E717B88020408B8400E9A528 /* LaunchScreen.storyboard in Resources */,
				E717B87D20408B8400E9A528 /* Assets.xcassets in Resources */,
				E717B87B20408B8400E9A528 /* Main.storyboard in Resources */,
			);
			runOnlyForDeploymentPostprocessing = 0;
		};
/* End PBXResourcesBuildPhase section */

/* Begin PBXSourcesBuildPhase section */
		E717B86E20408B8400E9A528 /* Sources */ = {
			isa = PBXSourcesBuildPhase;
			buildActionMask = 2147483647;
			files = (
				E717B87620408B8400E9A528 /* AppDelegate.swift in Sources */,
				E717B88820408B9D00E9A528 /* DPImageView+LettersExtension.swift in Sources */,
				E717B88A20408FB300E9A528 /* InitialsVC.swift in Sources */,
			);
			runOnlyForDeploymentPostprocessing = 0;
		};
/* End PBXSourcesBuildPhase section */

/* Begin PBXVariantGroup section */
		E717B87920408B8400E9A528 /* Main.storyboard */ = {
			isa = PBXVariantGroup;
			children = (
				E717B87A20408B8400E9A528 /* Base */,
			);
			name = Main.storyboard;
			sourceTree = "<group>";
		};
		E717B87E20408B8400E9A528 /* LaunchScreen.storyboard */ = {
			isa = PBXVariantGroup;
			children = (
				E717B87F20408B8400E9A528 /* Base */,
			);
			name = LaunchScreen.storyboard;
			sourceTree = "<group>";
		};
/* End PBXVariantGroup section */

/* Begin XCBuildConfiguration section */
		E717B88220408B8400E9A528 /* Debug */ = {
			isa = XCBuildConfiguration;
			buildSettings = {
				ALWAYS_SEARCH_USER_PATHS = NO;
				CLANG_ANALYZER_NONNULL = YES;
				CLANG_ANALYZER_NUMBER_OBJECT_CONVERSION = YES_AGGRESSIVE;
				CLANG_CXX_LANGUAGE_STANDARD = "gnu++14";
				CLANG_CXX_LIBRARY = "libc++";
				CLANG_ENABLE_MODULES = YES;
				CLANG_ENABLE_OBJC_ARC = YES;
				CLANG_WARN_BLOCK_CAPTURE_AUTORELEASING = YES;
				CLANG_WARN_BOOL_CONVERSION = YES;
				CLANG_WARN_COMMA = YES;
				CLANG_WARN_CONSTANT_CONVERSION = YES;
				CLANG_WARN_DIRECT_OBJC_ISA_USAGE = YES_ERROR;
				CLANG_WARN_DOCUMENTATION_COMMENTS = YES;
				CLANG_WARN_EMPTY_BODY = YES;
				CLANG_WARN_ENUM_CONVERSION = YES;
				CLANG_WARN_INFINITE_RECURSION = YES;
				CLANG_WARN_INT_CONVERSION = YES;
				CLANG_WARN_NON_LITERAL_NULL_CONVERSION = YES;
				CLANG_WARN_OBJC_LITERAL_CONVERSION = YES;
				CLANG_WARN_OBJC_ROOT_CLASS = YES_ERROR;
				CLANG_WARN_RANGE_LOOP_ANALYSIS = YES;
				CLANG_WARN_STRICT_PROTOTYPES = YES;
				CLANG_WARN_SUSPICIOUS_MOVE = YES;
				CLANG_WARN_UNGUARDED_AVAILABILITY = YES_AGGRESSIVE;
				CLANG_WARN_UNREACHABLE_CODE = YES;
				CLANG_WARN__DUPLICATE_METHOD_MATCH = YES;
				CODE_SIGN_IDENTITY = "iPhone Developer";
				COPY_PHASE_STRIP = NO;
				DEBUG_INFORMATION_FORMAT = dwarf;
				ENABLE_STRICT_OBJC_MSGSEND = YES;
				ENABLE_TESTABILITY = YES;
				GCC_C_LANGUAGE_STANDARD = gnu11;
				GCC_DYNAMIC_NO_PIC = NO;
				GCC_NO_COMMON_BLOCKS = YES;
				GCC_OPTIMIZATION_LEVEL = 0;
				GCC_PREPROCESSOR_DEFINITIONS = (
					"DEBUG=1",
					"$(inherited)",
				);
				GCC_WARN_64_TO_32_BIT_CONVERSION = YES;
				GCC_WARN_ABOUT_RETURN_TYPE = YES_ERROR;
				GCC_WARN_UNDECLARED_SELECTOR = YES;
				GCC_WARN_UNINITIALIZED_AUTOS = YES_AGGRESSIVE;
				GCC_WARN_UNUSED_FUNCTION = YES;
				GCC_WARN_UNUSED_VARIABLE = YES;
				IPHONEOS_DEPLOYMENT_TARGET = 11.2;
				MTL_ENABLE_DEBUG_INFO = YES;
				ONLY_ACTIVE_ARCH = YES;
				SDKROOT = iphoneos;
				SWIFT_ACTIVE_COMPILATION_CONDITIONS = DEBUG;
				SWIFT_OPTIMIZATION_LEVEL = "-Onone";
			};
			name = Debug;
		};
		E717B88320408B8400E9A528 /* Release */ = {
			isa = XCBuildConfiguration;
			buildSettings = {
				ALWAYS_SEARCH_USER_PATHS = NO;
				CLANG_ANALYZER_NONNULL = YES;
				CLANG_ANALYZER_NUMBER_OBJECT_CONVERSION = YES_AGGRESSIVE;
				CLANG_CXX_LANGUAGE_STANDARD = "gnu++14";
				CLANG_CXX_LIBRARY = "libc++";
				CLANG_ENABLE_MODULES = YES;
				CLANG_ENABLE_OBJC_ARC = YES;
				CLANG_WARN_BLOCK_CAPTURE_AUTORELEASING = YES;
				CLANG_WARN_BOOL_CONVERSION = YES;
				CLANG_WARN_COMMA = YES;
				CLANG_WARN_CONSTANT_CONVERSION = YES;
				CLANG_WARN_DIRECT_OBJC_ISA_USAGE = YES_ERROR;
				CLANG_WARN_DOCUMENTATION_COMMENTS = YES;
				CLANG_WARN_EMPTY_BODY = YES;
				CLANG_WARN_ENUM_CONVERSION = YES;
				CLANG_WARN_INFINITE_RECURSION = YES;
				CLANG_WARN_INT_CONVERSION = YES;
				CLANG_WARN_NON_LITERAL_NULL_CONVERSION = YES;
				CLANG_WARN_OBJC_LITERAL_CONVERSION = YES;
				CLANG_WARN_OBJC_ROOT_CLASS = YES_ERROR;
				CLANG_WARN_RANGE_LOOP_ANALYSIS = YES;
				CLANG_WARN_STRICT_PROTOTYPES = YES;
				CLANG_WARN_SUSPICIOUS_MOVE = YES;
				CLANG_WARN_UNGUARDED_AVAILABILITY = YES_AGGRESSIVE;
				CLANG_WARN_UNREACHABLE_CODE = YES;
				CLANG_WARN__DUPLICATE_METHOD_MATCH = YES;
				CODE_SIGN_IDENTITY = "iPhone Developer";
				COPY_PHASE_STRIP = NO;
				DEBUG_INFORMATION_FORMAT = "dwarf-with-dsym";
				ENABLE_NS_ASSERTIONS = NO;
				ENABLE_STRICT_OBJC_MSGSEND = YES;
				GCC_C_LANGUAGE_STANDARD = gnu11;
				GCC_NO_COMMON_BLOCKS = YES;
				GCC_WARN_64_TO_32_BIT_CONVERSION = YES;
				GCC_WARN_ABOUT_RETURN_TYPE = YES_ERROR;
				GCC_WARN_UNDECLARED_SELECTOR = YES;
				GCC_WARN_UNINITIALIZED_AUTOS = YES_AGGRESSIVE;
				GCC_WARN_UNUSED_FUNCTION = YES;
				GCC_WARN_UNUSED_VARIABLE = YES;
				IPHONEOS_DEPLOYMENT_TARGET = 11.2;
				MTL_ENABLE_DEBUG_INFO = NO;
				SDKROOT = iphoneos;
				SWIFT_OPTIMIZATION_LEVEL = "-Owholemodule";
				VALIDATE_PRODUCT = YES;
			};
			name = Release;
		};
		E717B88520408B8400E9A528 /* Debug */ = {
			isa = XCBuildConfiguration;
			buildSettings = {
				ASSETCATALOG_COMPILER_APPICON_NAME = AppIcon;
				CODE_SIGN_STYLE = Automatic;
				DEVELOPMENT_TEAM = J494G3U7D8;
				INFOPLIST_FILE = "DPImageView+Letters/Info.plist";
				IPHONEOS_DEPLOYMENT_TARGET = 9.3;
				LD_RUNPATH_SEARCH_PATHS = "$(inherited) @executable_path/Frameworks";
				PRODUCT_BUNDLE_IDENTIFIER = "com.deepak.DPImageView-Letters";
				PRODUCT_NAME = "$(TARGET_NAME)";
				SWIFT_VERSION = 4.0;
				TARGETED_DEVICE_FAMILY = "1,2";
			};
			name = Debug;
		};
		E717B88620408B8400E9A528 /* Release */ = {
			isa = XCBuildConfiguration;
			buildSettings = {
				ASSETCATALOG_COMPILER_APPICON_NAME = AppIcon;
				CODE_SIGN_STYLE = Automatic;
				DEVELOPMENT_TEAM = J494G3U7D8;
				INFOPLIST_FILE = "DPImageView+Letters/Info.plist";
				IPHONEOS_DEPLOYMENT_TARGET = 9.3;
				LD_RUNPATH_SEARCH_PATHS = "$(inherited) @executable_path/Frameworks";
				PRODUCT_BUNDLE_IDENTIFIER = "com.deepak.DPImageView-Letters";
				PRODUCT_NAME = "$(TARGET_NAME)";
				SWIFT_VERSION = 4.0;
				TARGETED_DEVICE_FAMILY = "1,2";
			};
			name = Release;
		};
/* End XCBuildConfiguration section */

/* Begin XCConfigurationList section */
		E717B86D20408B8400E9A528 /* Build configuration list for PBXProject "DPImageView+Letters" */ = {
			isa = XCConfigurationList;
			buildConfigurations = (
				E717B88220408B8400E9A528 /* Debug */,
				E717B88320408B8400E9A528 /* Release */,
			);
			defaultConfigurationIsVisible = 0;
			defaultConfigurationName = Release;
		};
		E717B88420408B8400E9A528 /* Build configuration list for PBXNativeTarget "DPImageView+Letters" */ = {
			isa = XCConfigurationList;
			buildConfigurations = (
				E717B88520408B8400E9A528 /* Debug */,
				E717B88620408B8400E9A528 /* Release */,
			);
			defaultConfigurationIsVisible = 0;
			defaultConfigurationName = Release;
		};
/* End XCConfigurationList section */
	};
	rootObject = E717B86A20408B8400E9A528 /* Project object */;
}
